
Microsoft Visual Studio Solution File, Format Version 12.00
# Visual Studio 15
VisualStudioVersion = 15.0.28010.2003
MinimumVisualStudioVersion = 10.0.40219.1
Project("{2150E333-8FDC-42A3-9474-1A3956D46DE8}") = "SingleResponsabilityPrinciple", "SingleResponsabilityPrinciple", "{3668CFDA-B419-4D3D-8690-478B7F9C0835}"
EndProject
Project("{9A19103F-16F7-4668-BE54-9A1E7A4F7556}") = "ConsoleAppNoSingleResp", "ConsoleAppNoSingleResp\ConsoleAppNoSingleResp.csproj", "{30D14230-9A66-4735-ABD3-AB6250DD42D3}"
EndProject
Project("{2150E333-8FDC-42A3-9474-1A3956D46DE8}") = "WorstSolution", "WorstSolution", "{B4B79D48-DFFD-4FE3-9172-985BD79A792A}"
EndProject
Project("{2150E333-8FDC-42A3-9474-1A3956D46DE8}") = "BestSolution", "BestSolution", "{CB100710-84A8-4B16-9DA3-635BB575E747}"
EndProject
Project("{FAE04EC0-301F-11D3-BF4B-00C04F79EFBC}") = "ConsoleAppSingleResp", "ConsoleAppSingleResp\ConsoleAppSingleResp.csproj", "{20CC15D6-E40A-4FEB-ABA3-FC1F0CAF5E57}"
EndProject
Project("{2150E333-8FDC-42A3-9474-1A3956D46DE8}") = "OpenClosePrinciple", "OpenClosePrinciple", "{D5547A07-106B-4CA6-9C91-0C89B9B353FD}"
EndProject
Project("{2150E333-8FDC-42A3-9474-1A3956D46DE8}") = "BestSolution", "BestSolution", "{D4F56389-63E3-4499-B0C4-74D8F71EF886}"
EndProject
Project("{2150E333-8FDC-42A3-9474-1A3956D46DE8}") = "WorstSolution", "WorstSolution", "{2B39C1FC-4840-41FD-B492-E58ECC1A14E0}"
EndProject
Project("{9A19103F-16F7-4668-BE54-9A1E7A4F7556}") = "ConsoleAppOpenClose", "ConsoleAppOpenClose\ConsoleAppOpenClose.csproj", "{C70AB323-EC39-4946-A591-D593F6BE6F18}"
EndProject
Project("{9A19103F-16F7-4668-BE54-9A1E7A4F7556}") = "ConsoleAppNoOpenClose", "ConsoleAppNoOpenClose\ConsoleAppNoOpenClose.csproj", "{E67D7F84-6E79-4CDE-84F1-6077AA3E3755}"
EndProject
Project("{2150E333-8FDC-42A3-9474-1A3956D46DE8}") = "InterfaceSegregationPrinciple", "InterfaceSegregationPrinciple", "{94856B3F-356A-43F1-925F-0C614C23EFAC}"
EndProject
Project("{2150E333-8FDC-42A3-9474-1A3956D46DE8}") = "WorstSolution", "WorstSolution", "{1B262442-F289-4DDF-8726-0D51D24A184C}"
EndProject
Project("{2150E333-8FDC-42A3-9474-1A3956D46DE8}") = "BestSolution", "BestSolution", "{02272ED5-9383-4F95-9F1B-4DEA6E95A631}"
EndProject
Project("{9A19103F-16F7-4668-BE54-9A1E7A4F7556}") = "ConsoleAppNoInterfaceSeg", "ConsoleAppNoInterfaceSeg\ConsoleAppNoInterfaceSeg.csproj", "{FACBEC98-699E-4B2A-9E36-C97BAA4DCF51}"
EndProject
Project("{9A19103F-16F7-4668-BE54-9A1E7A4F7556}") = "ConsoleAppInterfaceSeg", "ConsoleAppInterfaceSeg\ConsoleAppInterfaceSeg.csproj", "{94B2DAD6-71FC-490D-AB58-C19C8820E328}"
EndProject
Global
	GlobalSection(SolutionConfigurationPlatforms) = preSolution
		Debug|Any CPU = Debug|Any CPU
		Release|Any CPU = Release|Any CPU
	EndGlobalSection
	GlobalSection(ProjectConfigurationPlatforms) = postSolution
		{30D14230-9A66-4735-ABD3-AB6250DD42D3}.Debug|Any CPU.ActiveCfg = Debug|Any CPU
		{30D14230-9A66-4735-ABD3-AB6250DD42D3}.Debug|Any CPU.Build.0 = Debug|Any CPU
		{30D14230-9A66-4735-ABD3-AB6250DD42D3}.Release|Any CPU.ActiveCfg = Release|Any CPU
		{30D14230-9A66-4735-ABD3-AB6250DD42D3}.Release|Any CPU.Build.0 = Release|Any CPU
		{20CC15D6-E40A-4FEB-ABA3-FC1F0CAF5E57}.Debug|Any CPU.ActiveCfg = Debug|Any CPU
		{20CC15D6-E40A-4FEB-ABA3-FC1F0CAF5E57}.Debug|Any CPU.Build.0 = Debug|Any CPU
		{20CC15D6-E40A-4FEB-ABA3-FC1F0CAF5E57}.Release|Any CPU.ActiveCfg = Release|Any CPU
		{20CC15D6-E40A-4FEB-ABA3-FC1F0CAF5E57}.Release|Any CPU.Build.0 = Release|Any CPU
		{C70AB323-EC39-4946-A591-D593F6BE6F18}.Debug|Any CPU.ActiveCfg = Debug|Any CPU
		{C70AB323-EC39-4946-A591-D593F6BE6F18}.Debug|Any CPU.Build.0 = Debug|Any CPU
		{C70AB323-EC39-4946-A591-D593F6BE6F18}.Release|Any CPU.ActiveCfg = Release|Any CPU
		{C70AB323-EC39-4946-A591-D593F6BE6F18}.Release|Any CPU.Build.0 = Release|Any CPU
		{E67D7F84-6E79-4CDE-84F1-6077AA3E3755}.Debug|Any CPU.ActiveCfg = Debug|Any CPU
		{E67D7F84-6E79-4CDE-84F1-6077AA3E3755}.Debug|Any CPU.Build.0 = Debug|Any CPU
		{E67D7F84-6E79-4CDE-84F1-6077AA3E3755}.Release|Any CPU.ActiveCfg = Release|Any CPU
		{E67D7F84-6E79-4CDE-84F1-6077AA3E3755}.Release|Any CPU.Build.0 = Release|Any CPU
		{FACBEC98-699E-4B2A-9E36-C97BAA4DCF51}.Debug|Any CPU.ActiveCfg = Debug|Any CPU
		{FACBEC98-699E-4B2A-9E36-C97BAA4DCF51}.Debug|Any CPU.Build.0 = Debug|Any CPU
		{FACBEC98-699E-4B2A-9E36-C97BAA4DCF51}.Release|Any CPU.ActiveCfg = Release|Any CPU
		{FACBEC98-699E-4B2A-9E36-C97BAA4DCF51}.Release|Any CPU.Build.0 = Release|Any CPU
		{94B2DAD6-71FC-490D-AB58-C19C8820E328}.Debug|Any CPU.ActiveCfg = Debug|Any CPU
		{94B2DAD6-71FC-490D-AB58-C19C8820E328}.Debug|Any CPU.Build.0 = Debug|Any CPU
		{94B2DAD6-71FC-490D-AB58-C19C8820E328}.Release|Any CPU.ActiveCfg = Release|Any CPU
		{94B2DAD6-71FC-490D-AB58-C19C8820E328}.Release|Any CPU.Build.0 = Release|Any CPU
	EndGlobalSection
	GlobalSection(SolutionProperties) = preSolution
		HideSolutionNode = FALSE
	EndGlobalSection
	GlobalSection(NestedProjects) = preSolution
		{30D14230-9A66-4735-ABD3-AB6250DD42D3} = {B4B79D48-DFFD-4FE3-9172-985BD79A792A}
		{B4B79D48-DFFD-4FE3-9172-985BD79A792A} = {3668CFDA-B419-4D3D-8690-478B7F9C0835}
		{CB100710-84A8-4B16-9DA3-635BB575E747} = {3668CFDA-B419-4D3D-8690-478B7F9C0835}
		{20CC15D6-E40A-4FEB-ABA3-FC1F0CAF5E57} = {CB100710-84A8-4B16-9DA3-635BB575E747}
		{D4F56389-63E3-4499-B0C4-74D8F71EF886} = {D5547A07-106B-4CA6-9C91-0C89B9B353FD}
		{2B39C1FC-4840-41FD-B492-E58ECC1A14E0} = {D5547A07-106B-4CA6-9C91-0C89B9B353FD}
		{C70AB323-EC39-4946-A591-D593F6BE6F18} = {D4F56389-63E3-4499-B0C4-74D8F71EF886}
		{E67D7F84-6E79-4CDE-84F1-6077AA3E3755} = {2B39C1FC-4840-41FD-B492-E58ECC1A14E0}
		{1B262442-F289-4DDF-8726-0D51D24A184C} = {94856B3F-356A-43F1-925F-0C614C23EFAC}
		{02272ED5-9383-4F95-9F1B-4DEA6E95A631} = {94856B3F-356A-43F1-925F-0C614C23EFAC}
		{FACBEC98-699E-4B2A-9E36-C97BAA4DCF51} = {1B262442-F289-4DDF-8726-0D51D24A184C}
		{94B2DAD6-71FC-490D-AB58-C19C8820E328} = {02272ED5-9383-4F95-9F1B-4DEA6E95A631}
	EndGlobalSection
	GlobalSection(ExtensibilityGlobals) = postSolution
		SolutionGuid = {C85AA670-2354-4048-9D27-DD60803DBA8A}
	EndGlobalSection
EndGlobal
